
Microsoft Visual Studio Solution File, Format Version 12.00
# Visual Studio 15
VisualStudioVersion = 15.0.26124.0
MinimumVisualStudioVersion = 15.0.26124.0
Project("{2150E333-8FDC-42A3-9474-1A3956D46DE8}") = "src", "src", "{ABD33285-4E69-420E-AA5E-5F16D4FF274E}"
EndProject
Project("{FAE04EC0-301F-11D3-BF4B-00C04F79EFBC}") = "Microsoft.Extensions.Metrics", "src\Microsoft.Extensions.Metrics\Microsoft.Extensions.Metrics.csproj", "{2B152693-A87E-4E48-893C-004EAC09E01B}"
EndProject
Project("{2150E333-8FDC-42A3-9474-1A3956D46DE8}") = "samples", "samples", "{CCC23534-0D14-41CB-B61A-FE3FE3AC0431}"
EndProject
Project("{FAE04EC0-301F-11D3-BF4B-00C04F79EFBC}") = "SampleWebApplication", "samples\SampleWebApplication\SampleWebApplication.csproj", "{F2AF505C-08A0-4A93-A5F7-8670482E1103}"
EndProject
Global
	GlobalSection(SolutionConfigurationPlatforms) = preSolution
		Debug|Any CPU = Debug|Any CPU
		Debug|x64 = Debug|x64
		Debug|x86 = Debug|x86
		Release|Any CPU = Release|Any CPU
		Release|x64 = Release|x64
		Release|x86 = Release|x86
	EndGlobalSection
	GlobalSection(SolutionProperties) = preSolution
		HideSolutionNode = FALSE
	EndGlobalSection
	GlobalSection(ProjectConfigurationPlatforms) = postSolution
		{2B152693-A87E-4E48-893C-004EAC09E01B}.Debug|Any CPU.ActiveCfg = Debug|Any CPU
		{2B152693-A87E-4E48-893C-004EAC09E01B}.Debug|Any CPU.Build.0 = Debug|Any CPU
		{2B152693-A87E-4E48-893C-004EAC09E01B}.Debug|x64.ActiveCfg = Debug|Any CPU
		{2B152693-A87E-4E48-893C-004EAC09E01B}.Debug|x64.Build.0 = Debug|Any CPU
		{2B152693-A87E-4E48-893C-004EAC09E01B}.Debug|x86.ActiveCfg = Debug|Any CPU
		{2B152693-A87E-4E48-893C-004EAC09E01B}.Debug|x86.Build.0 = Debug|Any CPU
		{2B152693-A87E-4E48-893C-004EAC09E01B}.Release|Any CPU.ActiveCfg = Release|Any CPU
		{2B152693-A87E-4E48-893C-004EAC09E01B}.Release|Any CPU.Build.0 = Release|Any CPU
		{2B152693-A87E-4E48-893C-004EAC09E01B}.Release|x64.ActiveCfg = Release|Any CPU
		{2B152693-A87E-4E48-893C-004EAC09E01B}.Release|x64.Build.0 = Release|Any CPU
		{2B152693-A87E-4E48-893C-004EAC09E01B}.Release|x86.ActiveCfg = Release|Any CPU
		{2B152693-A87E-4E48-893C-004EAC09E01B}.Release|x86.Build.0 = Release|Any CPU
		{F2AF505C-08A0-4A93-A5F7-8670482E1103}.Debug|Any CPU.ActiveCfg = Debug|Any CPU
		{F2AF505C-08A0-4A93-A5F7-8670482E1103}.Debug|Any CPU.Build.0 = Debug|Any CPU
		{F2AF505C-08A0-4A93-A5F7-8670482E1103}.Debug|x64.ActiveCfg = Debug|Any CPU
		{F2AF505C-08A0-4A93-A5F7-8670482E1103}.Debug|x64.Build.0 = Debug|Any CPU
		{F2AF505C-08A0-4A93-A5F7-8670482E1103}.Debug|x86.ActiveCfg = Debug|Any CPU
		{F2AF505C-08A0-4A93-A5F7-8670482E1103}.Debug|x86.Build.0 = Debug|Any CPU
		{F2AF505C-08A0-4A93-A5F7-8670482E1103}.Release|Any CPU.ActiveCfg = Release|Any CPU
		{F2AF505C-08A0-4A93-A5F7-8670482E1103}.Release|Any CPU.Build.0 = Release|Any CPU
		{F2AF505C-08A0-4A93-A5F7-8670482E1103}.Release|x64.ActiveCfg = Release|Any CPU
		{F2AF505C-08A0-4A93-A5F7-8670482E1103}.Release|x64.Build.0 = Release|Any CPU
		{F2AF505C-08A0-4A93-A5F7-8670482E1103}.Release|x86.ActiveCfg = Release|Any CPU
		{F2AF505C-08A0-4A93-A5F7-8670482E1103}.Release|x86.Build.0 = Release|Any CPU
	EndGlobalSection
	GlobalSection(NestedProjects) = preSolution
		{2B152693-A87E-4E48-893C-004EAC09E01B} = {ABD33285-4E69-420E-AA5E-5F16D4FF274E}
		{F2AF505C-08A0-4A93-A5F7-8670482E1103} = {CCC23534-0D14-41CB-B61A-FE3FE3AC0431}
	EndGlobalSection
EndGlobal
